
Microsoft Visual Studio Solution File, Format Version 12.00
# Visual Studio Version 17
VisualStudioVersion = 17.5.002.0
MinimumVisualStudioVersion = 10.0.40219.1
Project("{9A19103F-16F7-4668-BE54-9A1E7A4F7556}") = "Projeto_Hamburgueria", "Projeto_Hamburgueria.csproj", "{211DD8B9-2980-458A-87D0-22A7AAE210B2}"
EndProject
Global
	GlobalSection(SolutionConfigurationPlatforms) = preSolution
		Debug|Any CPU = Debug|Any CPU
		Release|Any CPU = Release|Any CPU
	EndGlobalSection
	GlobalSection(ProjectConfigurationPlatforms) = postSolution
		{211DD8B9-2980-458A-87D0-22A7AAE210B2}.Debug|Any CPU.ActiveCfg = Debug|Any CPU
		{211DD8B9-2980-458A-87D0-22A7AAE210B2}.Debug|Any CPU.Build.0 = Debug|Any CPU
		{211DD8B9-2980-458A-87D0-22A7AAE210B2}.Release|Any CPU.ActiveCfg = Release|Any CPU
		{211DD8B9-2980-458A-87D0-22A7AAE210B2}.Release|Any CPU.Build.0 = Release|Any CPU
	EndGlobalSection
	GlobalSection(SolutionProperties) = preSolution
		HideSolutionNode = FALSE
	EndGlobalSection
	GlobalSection(ExtensibilityGlobals) = postSolution
		SolutionGuid = {2596C078-F391-4AE9-AC48-4820DFE9D7DE}
	EndGlobalSection
EndGlobal
